// !$*UTF8*$!
{
	archiveVersion = 1;
	classes = {
	};
	objectVersion = 55;
	objects = {

/* Begin PBXBuildFile section */
		362B2BC128BA59F3008B10C6 /* main.cpp in Sources */ = {isa = PBXBuildFile; fileRef = 362B2BC028BA59F3008B10C6 /* main.cpp */; };
		362B2BCC28BA5A12008B10C6 /* main.cpp in Sources */ = {isa = PBXBuildFile; fileRef = 362B2BCB28BA5A12008B10C6 /* main.cpp */; };
		362B2BD728BA5A27008B10C6 /* main.cpp in Sources */ = {isa = PBXBuildFile; fileRef = 362B2BD628BA5A27008B10C6 /* main.cpp */; };
/* End PBXBuildFile section */

/* Begin PBXCopyFilesBuildPhase section */
		362B2BAE28BA59DD008B10C6 /* CopyFiles */ = {
			isa = PBXCopyFilesBuildPhase;
			buildActionMask = 2147483647;
			dstPath = /usr/share/man/man1/;
			dstSubfolderSpec = 0;
			files = (
			);
			runOnlyForDeploymentPostprocessing = 1;
		};
		362B2BBC28BA59F3008B10C6 /* CopyFiles */ = {
			isa = PBXCopyFilesBuildPhase;
			buildActionMask = 2147483647;
			dstPath = /usr/share/man/man1/;
			dstSubfolderSpec = 0;
			files = (
			);
			runOnlyForDeploymentPostprocessing = 1;
		};
		362B2BC728BA5A12008B10C6 /* CopyFiles */ = {
			isa = PBXCopyFilesBuildPhase;
			buildActionMask = 2147483647;
			dstPath = /usr/share/man/man1/;
			dstSubfolderSpec = 0;
			files = (
			);
			runOnlyForDeploymentPostprocessing = 1;
		};
		362B2BD228BA5A27008B10C6 /* CopyFiles */ = {
			isa = PBXCopyFilesBuildPhase;
			buildActionMask = 2147483647;
			dstPath = /usr/share/man/man1/;
			dstSubfolderSpec = 0;
			files = (
			);
			runOnlyForDeploymentPostprocessing = 1;
		};
/* End PBXCopyFilesBuildPhase section */

/* Begin PBXFileReference section */
		362B2BB028BA59DD008B10C6 /* Assignment01 */ = {isa = PBXFileReference; explicitFileType = "compiled.mach-o.executable"; includeInIndex = 0; path = Assignment01; sourceTree = BUILT_PRODUCTS_DIR; };
		362B2BBE28BA59F3008B10C6 /* Assignment01-Program01 */ = {isa = PBXFileReference; explicitFileType = "compiled.mach-o.executable"; includeInIndex = 0; path = "Assignment01-Program01"; sourceTree = BUILT_PRODUCTS_DIR; };
		362B2BC028BA59F3008B10C6 /* main.cpp */ = {isa = PBXFileReference; lastKnownFileType = sourcecode.cpp.cpp; path = main.cpp; sourceTree = "<group>"; };
		362B2BC928BA5A12008B10C6 /* Assignment01-Program02 */ = {isa = PBXFileReference; explicitFileType = "compiled.mach-o.executable"; includeInIndex = 0; path = "Assignment01-Program02"; sourceTree = BUILT_PRODUCTS_DIR; };
		362B2BCB28BA5A12008B10C6 /* main.cpp */ = {isa = PBXFileReference; lastKnownFileType = sourcecode.cpp.cpp; path = main.cpp; sourceTree = "<group>"; };
		362B2BD428BA5A27008B10C6 /* Assignment01-Program03 */ = {isa = PBXFileReference; explicitFileType = "compiled.mach-o.executable"; includeInIndex = 0; path = "Assignment01-Program03"; sourceTree = BUILT_PRODUCTS_DIR; };
		362B2BD628BA5A27008B10C6 /* main.cpp */ = {isa = PBXFileReference; lastKnownFileType = sourcecode.cpp.cpp; path = main.cpp; sourceTree = "<group>"; };
/* End PBXFileReference section */

/* Begin PBXFrameworksBuildPhase section */
		362B2BAD28BA59DD008B10C6 /* Frameworks */ = {
			isa = PBXFrameworksBuildPhase;
			buildActionMask = 2147483647;
			files = (
			);
			runOnlyForDeploymentPostprocessing = 0;
		};
		362B2BBB28BA59F3008B10C6 /* Frameworks */ = {
			isa = PBXFrameworksBuildPhase;
			buildActionMask = 2147483647;
			files = (
			);
			runOnlyForDeploymentPostprocessing = 0;
		};
		362B2BC628BA5A12008B10C6 /* Frameworks */ = {
			isa = PBXFrameworksBuildPhase;
			buildActionMask = 2147483647;
			files = (
			);
			runOnlyForDeploymentPostprocessing = 0;
		};
		362B2BD128BA5A27008B10C6 /* Frameworks */ = {
			isa = PBXFrameworksBuildPhase;
			buildActionMask = 2147483647;
			files = (
			);
			runOnlyForDeploymentPostprocessing = 0;
		};
/* End PBXFrameworksBuildPhase section */

/* Begin PBXGroup section */
		362B2BA728BA59DD008B10C6 = {
			isa = PBXGroup;
			children = (
				362B2BBF28BA59F3008B10C6 /* Assignment01-Program01 */,
				362B2BCA28BA5A12008B10C6 /* Assignment01-Program02 */,
				362B2BD528BA5A27008B10C6 /* Assignment01-Program03 */,
				362B2BB128BA59DD008B10C6 /* Products */,
			);
			sourceTree = "<group>";
		};
		362B2BB128BA59DD008B10C6 /* Products */ = {
			isa = PBXGroup;
			children = (
				362B2BB028BA59DD008B10C6 /* Assignment01 */,
				362B2BBE28BA59F3008B10C6 /* Assignment01-Program01 */,
				362B2BC928BA5A12008B10C6 /* Assignment01-Program02 */,
				362B2BD428BA5A27008B10C6 /* Assignment01-Program03 */,
			);
			name = Products;
			sourceTree = "<group>";
		};
		362B2BBF28BA59F3008B10C6 /* Assignment01-Program01 */ = {
			isa = PBXGroup;
			children = (
				362B2BC028BA59F3008B10C6 /* main.cpp */,
			);
			path = "Assignment01-Program01";
			sourceTree = "<group>";
		};
		362B2BCA28BA5A12008B10C6 /* Assignment01-Program02 */ = {
			isa = PBXGroup;
			children = (
				362B2BCB28BA5A12008B10C6 /* main.cpp */,
			);
			path = "Assignment01-Program02";
			sourceTree = "<group>";
		};
		362B2BD528BA5A27008B10C6 /* Assignment01-Program03 */ = {
			isa = PBXGroup;
			children = (
				362B2BD628BA5A27008B10C6 /* main.cpp */,
			);
			path = "Assignment01-Program03";
			sourceTree = "<group>";
		};
/* End PBXGroup section */

/* Begin PBXNativeTarget section */
		362B2BAF28BA59DD008B10C6 /* Assignment01 */ = {
			isa = PBXNativeTarget;
			buildConfigurationList = 362B2BB728BA59DD008B10C6 /* Build configuration list for PBXNativeTarget "Assignment01" */;
			buildPhases = (
				362B2BAC28BA59DD008B10C6 /* Sources */,
				362B2BAD28BA59DD008B10C6 /* Frameworks */,
				362B2BAE28BA59DD008B10C6 /* CopyFiles */,
			);
			buildRules = (
			);
			dependencies = (
			);
			name = Assignment01;
			productName = Assignment01;
			productReference = 362B2BB028BA59DD008B10C6 /* Assignment01 */;
			productType = "com.apple.product-type.tool";
		};
		362B2BBD28BA59F3008B10C6 /* Assignment01-Program01 */ = {
			isa = PBXNativeTarget;
			buildConfigurationList = 362B2BC228BA59F3008B10C6 /* Build configuration list for PBXNativeTarget "Assignment01-Program01" */;
			buildPhases = (
				362B2BBA28BA59F3008B10C6 /* Sources */,
				362B2BBB28BA59F3008B10C6 /* Frameworks */,
				362B2BBC28BA59F3008B10C6 /* CopyFiles */,
			);
			buildRules = (
			);
			dependencies = (
			);
			name = "Assignment01-Program01";
			productName = "Assignment01-Program01";
			productReference = 362B2BBE28BA59F3008B10C6 /* Assignment01-Program01 */;
			productType = "com.apple.product-type.tool";
		};
		362B2BC828BA5A12008B10C6 /* Assignment01-Program02 */ = {
			isa = PBXNativeTarget;
			buildConfigurationList = 362B2BCD28BA5A12008B10C6 /* Build configuration list for PBXNativeTarget "Assignment01-Program02" */;
			buildPhases = (
				362B2BC528BA5A12008B10C6 /* Sources */,
				362B2BC628BA5A12008B10C6 /* Frameworks */,
				362B2BC728BA5A12008B10C6 /* CopyFiles */,
			);
			buildRules = (
			);
			dependencies = (
			);
			name = "Assignment01-Program02";
			productName = "Assignment01-Program02";
			productReference = 362B2BC928BA5A12008B10C6 /* Assignment01-Program02 */;
			productType = "com.apple.product-type.tool";
		};
		362B2BD328BA5A27008B10C6 /* Assignment01-Program03 */ = {
			isa = PBXNativeTarget;
			buildConfigurationList = 362B2BD828BA5A27008B10C6 /* Build configuration list for PBXNativeTarget "Assignment01-Program03" */;
			buildPhases = (
				362B2BD028BA5A27008B10C6 /* Sources */,
				362B2BD128BA5A27008B10C6 /* Frameworks */,
				362B2BD228BA5A27008B10C6 /* CopyFiles */,
			);
			buildRules = (
			);
			dependencies = (
			);
			name = "Assignment01-Program03";
			productName = "Assignment01-Program03";
			productReference = 362B2BD428BA5A27008B10C6 /* Assignment01-Program03 */;
			productType = "com.apple.product-type.tool";
		};
/* End PBXNativeTarget section */

/* Begin PBXProject section */
		362B2BA828BA59DD008B10C6 /* Project object */ = {
			isa = PBXProject;
			attributes = {
				BuildIndependentTargetsInParallel = 1;
				LastUpgradeCheck = 1340;
				TargetAttributes = {
					362B2BAF28BA59DD008B10C6 = {
						CreatedOnToolsVersion = 13.4.1;
					};
					362B2BBD28BA59F3008B10C6 = {
						CreatedOnToolsVersion = 13.4.1;
					};
					362B2BC828BA5A12008B10C6 = {
						CreatedOnToolsVersion = 13.4.1;
					};
					362B2BD328BA5A27008B10C6 = {
						CreatedOnToolsVersion = 13.4.1;
					};
				};
			};
			buildConfigurationList = 362B2BAB28BA59DD008B10C6 /* Build configuration list for PBXProject "Assignment01" */;
			compatibilityVersion = "Xcode 13.0";
			developmentRegion = en;
			hasScannedForEncodings = 0;
			knownRegions = (
				en,
				Base,
			);
			mainGroup = 362B2BA728BA59DD008B10C6;
			productRefGroup = 362B2BB128BA59DD008B10C6 /* Products */;
			projectDirPath = "";
			projectRoot = "";
			targets = (
				362B2BAF28BA59DD008B10C6 /* Assignment01 */,
				362B2BBD28BA59F3008B10C6 /* Assignment01-Program01 */,
				362B2BC828BA5A12008B10C6 /* Assignment01-Program02 */,
				362B2BD328BA5A27008B10C6 /* Assignment01-Program03 */,
			);
		};
/* End PBXProject section */

/* Begin PBXSourcesBuildPhase section */
		362B2BAC28BA59DD008B10C6 /* Sources */ = {
			isa = PBXSourcesBuildPhase;
			buildActionMask = 2147483647;
			files = (
			);
			runOnlyForDeploymentPostprocessing = 0;
		};
		362B2BBA28BA59F3008B10C6 /* Sources */ = {
			isa = PBXSourcesBuildPhase;
			buildActionMask = 2147483647;
			files = (
				362B2BC128BA59F3008B10C6 /* main.cpp in Sources */,
			);
			runOnlyForDeploymentPostprocessing = 0;
		};
		362B2BC528BA5A12008B10C6 /* Sources */ = {
			isa = PBXSourcesBuildPhase;
			buildActionMask = 2147483647;
			files = (
				362B2BCC28BA5A12008B10C6 /* main.cpp in Sources */,
			);
			runOnlyForDeploymentPostprocessing = 0;
		};
		362B2BD028BA5A27008B10C6 /* Sources */ = {
			isa = PBXSourcesBuildPhase;
			buildActionMask = 2147483647;
			files = (
				362B2BD728BA5A27008B10C6 /* main.cpp in Sources */,
			);
			runOnlyForDeploymentPostprocessing = 0;
		};
/* End PBXSourcesBuildPhase section */

/* Begin XCBuildConfiguration section */
		362B2BB528BA59DD008B10C6 /* Debug */ = {
			isa = XCBuildConfiguration;
			buildSettings = {
				ALWAYS_SEARCH_USER_PATHS = NO;
				CLANG_ANALYZER_NONNULL = YES;
				CLANG_ANALYZER_NUMBER_OBJECT_CONVERSION = YES_AGGRESSIVE;
				CLANG_CXX_LANGUAGE_STANDARD = "gnu++17";
				CLANG_ENABLE_MODULES = YES;
				CLANG_ENABLE_OBJC_ARC = YES;
				CLANG_ENABLE_OBJC_WEAK = YES;
				CLANG_WARN_BLOCK_CAPTURE_AUTORELEASING = YES;
				CLANG_WARN_BOOL_CONVERSION = YES;
				CLANG_WARN_COMMA = YES;
				CLANG_WARN_CONSTANT_CONVERSION = YES;
				CLANG_WARN_DEPRECATED_OBJC_IMPLEMENTATIONS = YES;
				CLANG_WARN_DIRECT_OBJC_ISA_USAGE = YES_ERROR;
				CLANG_WARN_DOCUMENTATION_COMMENTS = YES;
				CLANG_WARN_EMPTY_BODY = YES;
				CLANG_WARN_ENUM_CONVERSION = YES;
				CLANG_WARN_INFINITE_RECURSION = YES;
				CLANG_WARN_INT_CONVERSION = YES;
				CLANG_WARN_NON_LITERAL_NULL_CONVERSION = YES;
				CLANG_WARN_OBJC_IMPLICIT_RETAIN_SELF = YES;
				CLANG_WARN_OBJC_LITERAL_CONVERSION = YES;
				CLANG_WARN_OBJC_ROOT_CLASS = YES_ERROR;
				CLANG_WARN_QUOTED_INCLUDE_IN_FRAMEWORK_HEADER = YES;
				CLANG_WARN_RANGE_LOOP_ANALYSIS = YES;
				CLANG_WARN_STRICT_PROTOTYPES = YES;
				CLANG_WARN_SUSPICIOUS_MOVE = YES;
				CLANG_WARN_UNGUARDED_AVAILABILITY = YES_AGGRESSIVE;
				CLANG_WARN_UNREACHABLE_CODE = YES;
				CLANG_WARN__DUPLICATE_METHOD_MATCH = YES;
				COPY_PHASE_STRIP = NO;
				DEBUG_INFORMATION_FORMAT = dwarf;
				ENABLE_STRICT_OBJC_MSGSEND = YES;
				ENABLE_TESTABILITY = YES;
				GCC_C_LANGUAGE_STANDARD = gnu11;
				GCC_DYNAMIC_NO_PIC = NO;
				GCC_NO_COMMON_BLOCKS = YES;
				GCC_OPTIMIZATION_LEVEL = 0;
				GCC_PREPROCESSOR_DEFINITIONS = (
					"DEBUG=1",
					"$(inherited)",
				);
				GCC_WARN_64_TO_32_BIT_CONVERSION = YES;
				GCC_WARN_ABOUT_RETURN_TYPE = YES_ERROR;
				GCC_WARN_UNDECLARED_SELECTOR = YES;
				GCC_WARN_UNINITIALIZED_AUTOS = YES_AGGRESSIVE;
				GCC_WARN_UNUSED_FUNCTION = YES;
				GCC_WARN_UNUSED_VARIABLE = YES;
				MACOSX_DEPLOYMENT_TARGET = 12.3;
				MTL_ENABLE_DEBUG_INFO = INCLUDE_SOURCE;
				MTL_FAST_MATH = YES;
				ONLY_ACTIVE_ARCH = YES;
				SDKROOT = macosx;
			};
			name = Debug;
		};
		362B2BB628BA59DD008B10C6 /* Release */ = {
			isa = XCBuildConfiguration;
			buildSettings = {
				ALWAYS_SEARCH_USER_PATHS = NO;
				CLANG_ANALYZER_NONNULL = YES;
				CLANG_ANALYZER_NUMBER_OBJECT_CONVERSION = YES_AGGRESSIVE;
				CLANG_CXX_LANGUAGE_STANDARD = "gnu++17";
				CLANG_ENABLE_MODULES = YES;
				CLANG_ENABLE_OBJC_ARC = YES;
				CLANG_ENABLE_OBJC_WEAK = YES;
				CLANG_WARN_BLOCK_CAPTURE_AUTORELEASING = YES;
				CLANG_WARN_BOOL_CONVERSION = YES;
				CLANG_WARN_COMMA = YES;
				CLANG_WARN_CONSTANT_CONVERSION = YES;
				CLANG_WARN_DEPRECATED_OBJC_IMPLEMENTATIONS = YES;
				CLANG_WARN_DIRECT_OBJC_ISA_USAGE = YES_ERROR;
				CLANG_WARN_DOCUMENTATION_COMMENTS = YES;
				CLANG_WARN_EMPTY_BODY = YES;
				CLANG_WARN_ENUM_CONVERSION = YES;
				CLANG_WARN_INFINITE_RECURSION = YES;
				CLANG_WARN_INT_CONVERSION = YES;
				CLANG_WARN_NON_LITERAL_NULL_CONVERSION = YES;
				CLANG_WARN_OBJC_IMPLICIT_RETAIN_SELF = YES;
				CLANG_WARN_OBJC_LITERAL_CONVERSION = YES;
				CLANG_WARN_OBJC_ROOT_CLASS = YES_ERROR;
				CLANG_WARN_QUOTED_INCLUDE_IN_FRAMEWORK_HEADER = YES;
				CLANG_WARN_RANGE_LOOP_ANALYSIS = YES;
				CLANG_WARN_STRICT_PROTOTYPES = YES;
				CLANG_WARN_SUSPICIOUS_MOVE = YES;
				CLANG_WARN_UNGUARDED_AVAILABILITY = YES_AGGRESSIVE;
				CLANG_WARN_UNREACHABLE_CODE = YES;
				CLANG_WARN__DUPLICATE_METHOD_MATCH = YES;
				COPY_PHASE_STRIP = NO;
				DEBUG_INFORMATION_FORMAT = "dwarf-with-dsym";
				ENABLE_NS_ASSERTIONS = NO;
				ENABLE_STRICT_OBJC_MSGSEND = YES;
				GCC_C_LANGUAGE_STANDARD = gnu11;
				GCC_NO_COMMON_BLOCKS = YES;
				GCC_WARN_64_TO_32_BIT_CONVERSION = YES;
				GCC_WARN_ABOUT_RETURN_TYPE = YES_ERROR;
				GCC_WARN_UNDECLARED_SELECTOR = YES;
				GCC_WARN_UNINITIALIZED_AUTOS = YES_AGGRESSIVE;
				GCC_WARN_UNUSED_FUNCTION = YES;
				GCC_WARN_UNUSED_VARIABLE = YES;
				MACOSX_DEPLOYMENT_TARGET = 12.3;
				MTL_ENABLE_DEBUG_INFO = NO;
				MTL_FAST_MATH = YES;
				SDKROOT = macosx;
			};
			name = Release;
		};
		362B2BB828BA59DD008B10C6 /* Debug */ = {
			isa = XCBuildConfiguration;
			buildSettings = {
				CODE_SIGN_STYLE = Automatic;
				PRODUCT_NAME = "$(TARGET_NAME)";
			};
			name = Debug;
		};
		362B2BB928BA59DD008B10C6 /* Release */ = {
			isa = XCBuildConfiguration;
			buildSettings = {
				CODE_SIGN_STYLE = Automatic;
				PRODUCT_NAME = "$(TARGET_NAME)";
			};
			name = Release;
		};
		362B2BC328BA59F3008B10C6 /* Debug */ = {
			isa = XCBuildConfiguration;
			buildSettings = {
				CODE_SIGN_STYLE = Automatic;
				PRODUCT_NAME = "$(TARGET_NAME)";
			};
			name = Debug;
		};
		362B2BC428BA59F3008B10C6 /* Release */ = {
			isa = XCBuildConfiguration;
			buildSettings = {
				CODE_SIGN_STYLE = Automatic;
				PRODUCT_NAME = "$(TARGET_NAME)";
			};
			name = Release;
		};
		362B2BCE28BA5A12008B10C6 /* Debug */ = {
			isa = XCBuildConfiguration;
			buildSettings = {
				CODE_SIGN_STYLE = Automatic;
				PRODUCT_NAME = "$(TARGET_NAME)";
			};
			name = Debug;
		};
		362B2BCF28BA5A12008B10C6 /* Release */ = {
			isa = XCBuildConfiguration;
			buildSettings = {
				CODE_SIGN_STYLE = Automatic;
				PRODUCT_NAME = "$(TARGET_NAME)";
			};
			name = Release;
		};
		362B2BD928BA5A27008B10C6 /* Debug */ = {
			isa = XCBuildConfiguration;
			buildSettings = {
				CODE_SIGN_STYLE = Automatic;
				PRODUCT_NAME = "$(TARGET_NAME)";
			};
			name = Debug;
		};
		362B2BDA28BA5A27008B10C6 /* Release */ = {
			isa = XCBuildConfiguration;
			buildSettings = {
				CODE_SIGN_STYLE = Automatic;
				PRODUCT_NAME = "$(TARGET_NAME)";
			};
			name = Release;
		};
/* End XCBuildConfiguration section */

/* Begin XCConfigurationList section */
		362B2BAB28BA59DD008B10C6 /* Build configuration list for PBXProject "Assignment01" */ = {
			isa = XCConfigurationList;
			buildConfigurations = (
				362B2BB528BA59DD008B10C6 /* Debug */,
				362B2BB628BA59DD008B10C6 /* Release */,
			);
			defaultConfigurationIsVisible = 0;
			defaultConfigurationName = Release;
		};
		362B2BB728BA59DD008B10C6 /* Build configuration list for PBXNativeTarget "Assignment01" */ = {
			isa = XCConfigurationList;
			buildConfigurations = (
				362B2BB828BA59DD008B10C6 /* Debug */,
				362B2BB928BA59DD008B10C6 /* Release */,
			);
			defaultConfigurationIsVisible = 0;
			defaultConfigurationName = Release;
		};
		362B2BC228BA59F3008B10C6 /* Build configuration list for PBXNativeTarget "Assignment01-Program01" */ = {
			isa = XCConfigurationList;
			buildConfigurations = (
				362B2BC328BA59F3008B10C6 /* Debug */,
				362B2BC428BA59F3008B10C6 /* Release */,
			);
			defaultConfigurationIsVisible = 0;
			defaultConfigurationName = Release;
		};
		362B2BCD28BA5A12008B10C6 /* Build configuration list for PBXNativeTarget "Assignment01-Program02" */ = {
			isa = XCConfigurationList;
			buildConfigurations = (
				362B2BCE28BA5A12008B10C6 /* Debug */,
				362B2BCF28BA5A12008B10C6 /* Release */,
			);
			defaultConfigurationIsVisible = 0;
			defaultConfigurationName = Release;
		};
		362B2BD828BA5A27008B10C6 /* Build configuration list for PBXNativeTarget "Assignment01-Program03" */ = {
			isa = XCConfigurationList;
			buildConfigurations = (
				362B2BD928BA5A27008B10C6 /* Debug */,
				362B2BDA28BA5A27008B10C6 /* Release */,
			);
			defaultConfigurationIsVisible = 0;
			defaultConfigurationName = Release;
		};
/* End XCConfigurationList section */
	};
	rootObject = 362B2BA828BA59DD008B10C6 /* Project object */;
}
